
Microsoft Visual Studio Solution File, Format Version 12.00
# Visual Studio Version 16
VisualStudioVersion = 16.0.30413.136
MinimumVisualStudioVersion = 10.0.40219.1
Project("{FAE04EC0-301F-11D3-BF4B-00C04F79EFBC}") = "ConsoleApp2", "ConsoleApp2\ConsoleApp2.csproj", "{C25B930B-1A76-4B54-9182-2A239F823325}"
EndProject
Global
	GlobalSection(SolutionConfigurationPlatforms) = preSolution
		Debug|Any CPU = Debug|Any CPU
		Release|Any CPU = Release|Any CPU
	EndGlobalSection
	GlobalSection(ProjectConfigurationPlatforms) = postSolution
		{C25B930B-1A76-4B54-9182-2A239F823325}.Debug|Any CPU.ActiveCfg = Debug|Any CPU
		{C25B930B-1A76-4B54-9182-2A239F823325}.Debug|Any CPU.Build.0 = Debug|Any CPU
		{C25B930B-1A76-4B54-9182-2A239F823325}.Release|Any CPU.ActiveCfg = Release|Any CPU
		{C25B930B-1A76-4B54-9182-2A239F823325}.Release|Any CPU.Build.0 = Release|Any CPU
	EndGlobalSection
	GlobalSection(SolutionProperties) = preSolution
		HideSolutionNode = FALSE
	EndGlobalSection
	GlobalSection(ExtensibilityGlobals) = postSolution
		SolutionGuid = {78F5F735-91EC-4A5E-B5C4-38943C9E7D3C}
	EndGlobalSection
EndGlobal
